
Microsoft Visual Studio Solution File, Format Version 12.00
Project("{FAE04EC0-301F-11D3-BF4B-00C04F79EFBC}") = "DiamondKata", "DiamondKata\DiamondKata.csproj", "{35EAD293-39AE-4042-AC9D-47DB20EB245E}"
EndProject
Project("{FAE04EC0-301F-11D3-BF4B-00C04F79EFBC}") = "DiamondKata.Abstraction", "DiamondKata.Abstraction\DiamondKata.Abstraction.csproj", "{C08E86A9-BE5D-42C3-A525-94D278056AF0}"
EndProject
Project("{FAE04EC0-301F-11D3-BF4B-00C04F79EFBC}") = "DiamondKata.Application", "DiamondKata.Application\DiamondKata.Application.csproj", "{1EC34492-ABC5-44A7-82E5-F3CAEB07D5A1}"
EndProject
Project("{FAE04EC0-301F-11D3-BF4B-00C04F79EFBC}") = "DiamondKata.UnitTests", "DiamondKata.UnitTests\DiamondKata.UnitTests.csproj", "{EF30405D-CFC9-4FA1-AC16-590AD5424B07}"
EndProject
Global
	GlobalSection(SolutionConfigurationPlatforms) = preSolution
		Debug|Any CPU = Debug|Any CPU
		Release|Any CPU = Release|Any CPU
	EndGlobalSection
	GlobalSection(ProjectConfigurationPlatforms) = postSolution
		{35EAD293-39AE-4042-AC9D-47DB20EB245E}.Debug|Any CPU.ActiveCfg = Debug|Any CPU
		{35EAD293-39AE-4042-AC9D-47DB20EB245E}.Debug|Any CPU.Build.0 = Debug|Any CPU
		{35EAD293-39AE-4042-AC9D-47DB20EB245E}.Release|Any CPU.ActiveCfg = Release|Any CPU
		{35EAD293-39AE-4042-AC9D-47DB20EB245E}.Release|Any CPU.Build.0 = Release|Any CPU
		{C08E86A9-BE5D-42C3-A525-94D278056AF0}.Debug|Any CPU.ActiveCfg = Debug|Any CPU
		{C08E86A9-BE5D-42C3-A525-94D278056AF0}.Debug|Any CPU.Build.0 = Debug|Any CPU
		{C08E86A9-BE5D-42C3-A525-94D278056AF0}.Release|Any CPU.ActiveCfg = Release|Any CPU
		{C08E86A9-BE5D-42C3-A525-94D278056AF0}.Release|Any CPU.Build.0 = Release|Any CPU
		{1EC34492-ABC5-44A7-82E5-F3CAEB07D5A1}.Debug|Any CPU.ActiveCfg = Debug|Any CPU
		{1EC34492-ABC5-44A7-82E5-F3CAEB07D5A1}.Debug|Any CPU.Build.0 = Debug|Any CPU
		{1EC34492-ABC5-44A7-82E5-F3CAEB07D5A1}.Release|Any CPU.ActiveCfg = Release|Any CPU
		{1EC34492-ABC5-44A7-82E5-F3CAEB07D5A1}.Release|Any CPU.Build.0 = Release|Any CPU
		{EF30405D-CFC9-4FA1-AC16-590AD5424B07}.Debug|Any CPU.ActiveCfg = Debug|Any CPU
		{EF30405D-CFC9-4FA1-AC16-590AD5424B07}.Debug|Any CPU.Build.0 = Debug|Any CPU
		{EF30405D-CFC9-4FA1-AC16-590AD5424B07}.Release|Any CPU.ActiveCfg = Release|Any CPU
		{EF30405D-CFC9-4FA1-AC16-590AD5424B07}.Release|Any CPU.Build.0 = Release|Any CPU
	EndGlobalSection
EndGlobal
